
Microsoft Visual Studio Solution File, Format Version 12.00
# Visual Studio 15
VisualStudioVersion = 15.0.28307.539
MinimumVisualStudioVersion = 10.0.40219.1
Project("{FAE04EC0-301F-11D3-BF4B-00C04F79EFBC}") = "Autopark Classic Desktop", "Autopark Classic Desktop\Autopark Classic Desktop.csproj", "{0E315EC6-45BC-4B4C-B9A7-8AFF1E59EDB4}"
EndProject
Project("{00D1A9C2-B5F0-4AF3-8072-F6C62B433612}") = "Autopark Database", "Autopark Database\Autopark Database.sqlproj", "{356BDE31-D3FF-4516-B57E-814AF7D5FAAE}"
EndProject
Global
	GlobalSection(SolutionConfigurationPlatforms) = preSolution
		Debug|Any CPU = Debug|Any CPU
		Release|Any CPU = Release|Any CPU
	EndGlobalSection
	GlobalSection(ProjectConfigurationPlatforms) = postSolution
		{0E315EC6-45BC-4B4C-B9A7-8AFF1E59EDB4}.Debug|Any CPU.ActiveCfg = Debug|Any CPU
		{0E315EC6-45BC-4B4C-B9A7-8AFF1E59EDB4}.Debug|Any CPU.Build.0 = Debug|Any CPU
		{0E315EC6-45BC-4B4C-B9A7-8AFF1E59EDB4}.Release|Any CPU.ActiveCfg = Release|Any CPU
		{0E315EC6-45BC-4B4C-B9A7-8AFF1E59EDB4}.Release|Any CPU.Build.0 = Release|Any CPU
		{356BDE31-D3FF-4516-B57E-814AF7D5FAAE}.Debug|Any CPU.ActiveCfg = Debug|Any CPU
		{356BDE31-D3FF-4516-B57E-814AF7D5FAAE}.Debug|Any CPU.Build.0 = Debug|Any CPU
		{356BDE31-D3FF-4516-B57E-814AF7D5FAAE}.Debug|Any CPU.Deploy.0 = Debug|Any CPU
		{356BDE31-D3FF-4516-B57E-814AF7D5FAAE}.Release|Any CPU.ActiveCfg = Release|Any CPU
		{356BDE31-D3FF-4516-B57E-814AF7D5FAAE}.Release|Any CPU.Build.0 = Release|Any CPU
		{356BDE31-D3FF-4516-B57E-814AF7D5FAAE}.Release|Any CPU.Deploy.0 = Release|Any CPU
	EndGlobalSection
	GlobalSection(SolutionProperties) = preSolution
		HideSolutionNode = FALSE
	EndGlobalSection
	GlobalSection(ExtensibilityGlobals) = postSolution
		SolutionGuid = {9DC5AD00-FD67-47D1-A6A3-71A12345E2B7}
	EndGlobalSection
EndGlobal
